
Microsoft Visual Studio Solution File, Format Version 12.00
# Visual Studio Version 16
VisualStudioVersion = 16.0.28803.156
MinimumVisualStudioVersion = 10.0.40219.1
Project("{FAE04EC0-301F-11D3-BF4B-00C04F79EFBC}") = "CustomersGridView", "CustomersGridView\CustomersGridView.csproj", "{FF543387-ABBC-43DC-8258-57CDB3FA1EBF}"
EndProject
Global
	GlobalSection(SolutionConfigurationPlatforms) = preSolution
		Debug|Any CPU = Debug|Any CPU
		Release|Any CPU = Release|Any CPU
	EndGlobalSection
	GlobalSection(ProjectConfigurationPlatforms) = postSolution
		{FF543387-ABBC-43DC-8258-57CDB3FA1EBF}.Debug|Any CPU.ActiveCfg = Debug|Any CPU
		{FF543387-ABBC-43DC-8258-57CDB3FA1EBF}.Debug|Any CPU.Build.0 = Debug|Any CPU
		{FF543387-ABBC-43DC-8258-57CDB3FA1EBF}.Release|Any CPU.ActiveCfg = Release|Any CPU
		{FF543387-ABBC-43DC-8258-57CDB3FA1EBF}.Release|Any CPU.Build.0 = Release|Any CPU
	EndGlobalSection
	GlobalSection(SolutionProperties) = preSolution
		HideSolutionNode = FALSE
	EndGlobalSection
	GlobalSection(ExtensibilityGlobals) = postSolution
		SolutionGuid = {5133B150-1980-400A-BCCE-262E07D30D15}
	EndGlobalSection
EndGlobal
